
Microsoft Visual Studio Solution File, Format Version 12.00
# Visual Studio Version 16
VisualStudioVersion = 16.0.29009.5
MinimumVisualStudioVersion = 10.0.40219.1
Project("{9A19103F-16F7-4668-BE54-9A1E7A4F7556}") = "Jp.Api.Management", "Backend\Jp.Api.Management\Jp.Api.Management.csproj", "{14A3F6B3-2B5B-43BF-A458-AA41F07365E4}"
EndProject
Project("{9A19103F-16F7-4668-BE54-9A1E7A4F7556}") = "Jp.UI.SSO", "Frontend\Jp.UI.SSO\Jp.UI.SSO.csproj", "{CF7B5562-179E-44EB-B7E3-7096698A46E7}"
EndProject
Project("{2150E333-8FDC-42A3-9474-1A3956D46DE8}") = "Tests", "Tests", "{5789F9D1-F2EB-471E-AAEE-CCE8EDFC050D}"
EndProject
Project("{9A19103F-16F7-4668-BE54-9A1E7A4F7556}") = "JPProject.Api.Management.Tests", "..\tests\JPProject.Api.Management.Tests\JPProject.Api.Management.Tests.csproj", "{A13A609B-A6A3-4022-8E9A-224432EA91A2}"
EndProject
Project("{2150E333-8FDC-42A3-9474-1A3956D46DE8}") = "infra", "infra", "{F0A75A3B-0C4F-4004-82E1-47CC655CF738}"
EndProject
Project("{9A19103F-16F7-4668-BE54-9A1E7A4F7556}") = "Jp.Database", "Backend\Jp.Database\Jp.Database.csproj", "{DBF2572B-C2F5-447D-9628-6220B5AD7C29}"
EndProject
Project("{FAE04EC0-301F-11D3-BF4B-00C04F79EFBC}") = "Jp.Ldap", "Backend\Jp.Ldap\Jp.Ldap.csproj", "{A34F01C1-EA17-46DC-8AA3-51A0C963B957}"
EndProject
Global
	GlobalSection(SolutionConfigurationPlatforms) = preSolution
		Debug|Any CPU = Debug|Any CPU
		Release|Any CPU = Release|Any CPU
	EndGlobalSection
	GlobalSection(ProjectConfigurationPlatforms) = postSolution
		{14A3F6B3-2B5B-43BF-A458-AA41F07365E4}.Debug|Any CPU.ActiveCfg = Debug|Any CPU
		{14A3F6B3-2B5B-43BF-A458-AA41F07365E4}.Debug|Any CPU.Build.0 = Debug|Any CPU
		{14A3F6B3-2B5B-43BF-A458-AA41F07365E4}.Release|Any CPU.ActiveCfg = Release|Any CPU
		{14A3F6B3-2B5B-43BF-A458-AA41F07365E4}.Release|Any CPU.Build.0 = Release|Any CPU
		{CF7B5562-179E-44EB-B7E3-7096698A46E7}.Debug|Any CPU.ActiveCfg = Debug|Any CPU
		{CF7B5562-179E-44EB-B7E3-7096698A46E7}.Debug|Any CPU.Build.0 = Debug|Any CPU
		{CF7B5562-179E-44EB-B7E3-7096698A46E7}.Release|Any CPU.ActiveCfg = Release|Any CPU
		{CF7B5562-179E-44EB-B7E3-7096698A46E7}.Release|Any CPU.Build.0 = Release|Any CPU
		{A13A609B-A6A3-4022-8E9A-224432EA91A2}.Debug|Any CPU.ActiveCfg = Debug|Any CPU
		{A13A609B-A6A3-4022-8E9A-224432EA91A2}.Debug|Any CPU.Build.0 = Debug|Any CPU
		{A13A609B-A6A3-4022-8E9A-224432EA91A2}.Release|Any CPU.ActiveCfg = Release|Any CPU
		{A13A609B-A6A3-4022-8E9A-224432EA91A2}.Release|Any CPU.Build.0 = Release|Any CPU
		{DBF2572B-C2F5-447D-9628-6220B5AD7C29}.Debug|Any CPU.ActiveCfg = Debug|Any CPU
		{DBF2572B-C2F5-447D-9628-6220B5AD7C29}.Debug|Any CPU.Build.0 = Debug|Any CPU
		{DBF2572B-C2F5-447D-9628-6220B5AD7C29}.Release|Any CPU.ActiveCfg = Release|Any CPU
		{DBF2572B-C2F5-447D-9628-6220B5AD7C29}.Release|Any CPU.Build.0 = Release|Any CPU
		{A34F01C1-EA17-46DC-8AA3-51A0C963B957}.Debug|Any CPU.ActiveCfg = Debug|Any CPU
		{A34F01C1-EA17-46DC-8AA3-51A0C963B957}.Debug|Any CPU.Build.0 = Debug|Any CPU
		{A34F01C1-EA17-46DC-8AA3-51A0C963B957}.Release|Any CPU.ActiveCfg = Release|Any CPU
		{A34F01C1-EA17-46DC-8AA3-51A0C963B957}.Release|Any CPU.Build.0 = Release|Any CPU
	EndGlobalSection
	GlobalSection(SolutionProperties) = preSolution
		HideSolutionNode = FALSE
	EndGlobalSection
	GlobalSection(NestedProjects) = preSolution
		{A13A609B-A6A3-4022-8E9A-224432EA91A2} = {5789F9D1-F2EB-471E-AAEE-CCE8EDFC050D}
		{DBF2572B-C2F5-447D-9628-6220B5AD7C29} = {F0A75A3B-0C4F-4004-82E1-47CC655CF738}
		{A34F01C1-EA17-46DC-8AA3-51A0C963B957} = {F0A75A3B-0C4F-4004-82E1-47CC655CF738}
	EndGlobalSection
	GlobalSection(ExtensibilityGlobals) = postSolution
		SolutionGuid = {F62CA078-A991-4001-A117-1F2726248D4F}
	EndGlobalSection
EndGlobal
